// !$*UTF8*$!
{
	archiveVersion = 1;
	classes = {
	};
	objectVersion = 50;
	objects = {

/* Begin PBXBuildFile section */
		CA2FB2EF24FA042800BB6ABB /* AppDelegate.swift in Sources */ = {isa = PBXBuildFile; fileRef = CA2FB2EE24FA042800BB6ABB /* AppDelegate.swift */; };
		CA2FB2F124FA042800BB6ABB /* SceneDelegate.swift in Sources */ = {isa = PBXBuildFile; fileRef = CA2FB2F024FA042800BB6ABB /* SceneDelegate.swift */; };
		CA2FB2F324FA042800BB6ABB /* ViewController.swift in Sources */ = {isa = PBXBuildFile; fileRef = CA2FB2F224FA042800BB6ABB /* ViewController.swift */; };
		CA2FB2F624FA042800BB6ABB /* Main.storyboard in Resources */ = {isa = PBXBuildFile; fileRef = CA2FB2F424FA042800BB6ABB /* Main.storyboard */; };
		CA2FB2F824FA042A00BB6ABB /* Assets.xcassets in Resources */ = {isa = PBXBuildFile; fileRef = CA2FB2F724FA042A00BB6ABB /* Assets.xcassets */; };
		CA2FB2FB24FA042A00BB6ABB /* LaunchScreen.storyboard in Resources */ = {isa = PBXBuildFile; fileRef = CA2FB2F924FA042A00BB6ABB /* LaunchScreen.storyboard */; };
/* End PBXBuildFile section */

/* Begin PBXFileReference section */
		CA2FB2EB24FA042800BB6ABB /* RecordProject.app */ = {isa = PBXFileReference; explicitFileType = wrapper.application; includeInIndex = 0; path = RecordProject.app; sourceTree = BUILT_PRODUCTS_DIR; };
		CA2FB2EE24FA042800BB6ABB /* AppDelegate.swift */ = {isa = PBXFileReference; lastKnownFileType = sourcecode.swift; path = AppDelegate.swift; sourceTree = "<group>"; };
		CA2FB2F024FA042800BB6ABB /* SceneDelegate.swift */ = {isa = PBXFileReference; lastKnownFileType = sourcecode.swift; path = SceneDelegate.swift; sourceTree = "<group>"; };
		CA2FB2F224FA042800BB6ABB /* ViewController.swift */ = {isa = PBXFileReference; lastKnownFileType = sourcecode.swift; path = ViewController.swift; sourceTree = "<group>"; };
		CA2FB2F524FA042800BB6ABB /* Base */ = {isa = PBXFileReference; lastKnownFileType = file.storyboard; name = Base; path = Base.lproj/Main.storyboard; sourceTree = "<group>"; };
		CA2FB2F724FA042A00BB6ABB /* Assets.xcassets */ = {isa = PBXFileReference; lastKnownFileType = folder.assetcatalog; path = Assets.xcassets; sourceTree = "<group>"; };
		CA2FB2FA24FA042A00BB6ABB /* Base */ = {isa = PBXFileReference; lastKnownFileType = file.storyboard; name = Base; path = Base.lproj/LaunchScreen.storyboard; sourceTree = "<group>"; };
		CA2FB2FC24FA042A00BB6ABB /* Info.plist */ = {isa = PBXFileReference; lastKnownFileType = text.plist.xml; path = Info.plist; sourceTree = "<group>"; };
/* End PBXFileReference section */

/* Begin PBXFrameworksBuildPhase section */
		CA2FB2E824FA042800BB6ABB /* Frameworks */ = {
			isa = PBXFrameworksBuildPhase;
			buildActionMask = 2147483647;
			files = (
			);
			runOnlyForDeploymentPostprocessing = 0;
		};
/* End PBXFrameworksBuildPhase section */

/* Begin PBXGroup section */
		CA2FB2E224FA042800BB6ABB = {
			isa = PBXGroup;
			children = (
				CA2FB2ED24FA042800BB6ABB /* RecordProject */,
				CA2FB2EC24FA042800BB6ABB /* Products */,
			);
			sourceTree = "<group>";
		};
		CA2FB2EC24FA042800BB6ABB /* Products */ = {
			isa = PBXGroup;
			children = (
				CA2FB2EB24FA042800BB6ABB /* RecordProject.app */,
			);
			name = Products;
			sourceTree = "<group>";
		};
		CA2FB2ED24FA042800BB6ABB /* RecordProject */ = {
			isa = PBXGroup;
			children = (
				CA2FB2EE24FA042800BB6ABB /* AppDelegate.swift */,
				CA2FB2F024FA042800BB6ABB /* SceneDelegate.swift */,
				CA2FB2F224FA042800BB6ABB /* ViewController.swift */,
				CA2FB2F424FA042800BB6ABB /* Main.storyboard */,
				CA2FB2F724FA042A00BB6ABB /* Assets.xcassets */,
				CA2FB2F924FA042A00BB6ABB /* LaunchScreen.storyboard */,
				CA2FB2FC24FA042A00BB6ABB /* Info.plist */,
			);
			path = RecordProject;
			sourceTree = "<group>";
		};
/* End PBXGroup section */

/* Begin PBXNativeTarget section */
		CA2FB2EA24FA042800BB6ABB /* RecordProject */ = {
			isa = PBXNativeTarget;
			buildConfigurationList = CA2FB2FF24FA042A00BB6ABB /* Build configuration list for PBXNativeTarget "RecordProject" */;
			buildPhases = (
				CA2FB2E724FA042800BB6ABB /* Sources */,
				CA2FB2E824FA042800BB6ABB /* Frameworks */,
				CA2FB2E924FA042800BB6ABB /* Resources */,
			);
			buildRules = (
			);
			dependencies = (
			);
			name = RecordProject;
			productName = RecordProject;
			productReference = CA2FB2EB24FA042800BB6ABB /* RecordProject.app */;
			productType = "com.apple.product-type.application";
		};
/* End PBXNativeTarget section */

/* Begin PBXProject section */
		CA2FB2E324FA042800BB6ABB /* Project object */ = {
			isa = PBXProject;
			attributes = {
				LastSwiftUpdateCheck = 1160;
				LastUpgradeCheck = 1160;
				ORGANIZATIONNAME = "Yosei Yamagishi";
				TargetAttributes = {
					CA2FB2EA24FA042800BB6ABB = {
						CreatedOnToolsVersion = 11.6;
					};
				};
			};
			buildConfigurationList = CA2FB2E624FA042800BB6ABB /* Build configuration list for PBXProject "RecordProject" */;
			compatibilityVersion = "Xcode 9.3";
			developmentRegion = en;
			hasScannedForEncodings = 0;
			knownRegions = (
				en,
				Base,
			);
			mainGroup = CA2FB2E224FA042800BB6ABB;
			productRefGroup = CA2FB2EC24FA042800BB6ABB /* Products */;
			projectDirPath = "";
			projectRoot = "";
			targets = (
				CA2FB2EA24FA042800BB6ABB /* RecordProject */,
			);
		};
/* End PBXProject section */

/* Begin PBXResourcesBuildPhase section */
		CA2FB2E924FA042800BB6ABB /* Resources */ = {
			isa = PBXResourcesBuildPhase;
			buildActionMask = 2147483647;
			files = (
				CA2FB2FB24FA042A00BB6ABB /* LaunchScreen.storyboard in Resources */,
				CA2FB2F824FA042A00BB6ABB /* Assets.xcassets in Resources */,
				CA2FB2F624FA042800BB6ABB /* Main.storyboard in Resources */,
			);
			runOnlyForDeploymentPostprocessing = 0;
		};
/* End PBXResourcesBuildPhase section */

/* Begin PBXSourcesBuildPhase section */
		CA2FB2E724FA042800BB6ABB /* Sources */ = {
			isa = PBXSourcesBuildPhase;
			buildActionMask = 2147483647;
			files = (
				CA2FB2F324FA042800BB6ABB /* ViewController.swift in Sources */,
				CA2FB2EF24FA042800BB6ABB /* AppDelegate.swift in Sources */,
				CA2FB2F124FA042800BB6ABB /* SceneDelegate.swift in Sources */,
			);
			runOnlyForDeploymentPostprocessing = 0;
		};
/* End PBXSourcesBuildPhase section */

/* Begin PBXVariantGroup section */
		CA2FB2F424FA042800BB6ABB /* Main.storyboard */ = {
			isa = PBXVariantGroup;
			children = (
				CA2FB2F524FA042800BB6ABB /* Base */,
			);
			name = Main.storyboard;
			sourceTree = "<group>";
		};
		CA2FB2F924FA042A00BB6ABB /* LaunchScreen.storyboard */ = {
			isa = PBXVariantGroup;
			children = (
				CA2FB2FA24FA042A00BB6ABB /* Base */,
			);
			name = LaunchScreen.storyboard;
			sourceTree = "<group>";
		};
/* End PBXVariantGroup section */

/* Begin XCBuildConfiguration section */
		CA2FB2FD24FA042A00BB6ABB /* Debug */ = {
			isa = XCBuildConfiguration;
			buildSettings = {
				ALWAYS_SEARCH_USER_PATHS = NO;
				CLANG_ANALYZER_NONNULL = YES;
				CLANG_ANALYZER_NUMBER_OBJECT_CONVERSION = YES_AGGRESSIVE;
				CLANG_CXX_LANGUAGE_STANDARD = "gnu++14";
				CLANG_CXX_LIBRARY = "libc++";
				CLANG_ENABLE_MODULES = YES;
				CLANG_ENABLE_OBJC_ARC = YES;
				CLANG_ENABLE_OBJC_WEAK = YES;
				CLANG_WARN_BLOCK_CAPTURE_AUTORELEASING = YES;
				CLANG_WARN_BOOL_CONVERSION = YES;
				CLANG_WARN_COMMA = YES;
				CLANG_WARN_CONSTANT_CONVERSION = YES;
				CLANG_WARN_DEPRECATED_OBJC_IMPLEMENTATIONS = YES;
				CLANG_WARN_DIRECT_OBJC_ISA_USAGE = YES_ERROR;
				CLANG_WARN_DOCUMENTATION_COMMENTS = YES;
				CLANG_WARN_EMPTY_BODY = YES;
				CLANG_WARN_ENUM_CONVERSION = YES;
				CLANG_WARN_INFINITE_RECURSION = YES;
				CLANG_WARN_INT_CONVERSION = YES;
				CLANG_WARN_NON_LITERAL_NULL_CONVERSION = YES;
				CLANG_WARN_OBJC_IMPLICIT_RETAIN_SELF = YES;
				CLANG_WARN_OBJC_LITERAL_CONVERSION = YES;
				CLANG_WARN_OBJC_ROOT_CLASS = YES_ERROR;
				CLANG_WARN_RANGE_LOOP_ANALYSIS = YES;
				CLANG_WARN_STRICT_PROTOTYPES = YES;
				CLANG_WARN_SUSPICIOUS_MOVE = YES;
				CLANG_WARN_UNGUARDED_AVAILABILITY = YES_AGGRESSIVE;
				CLANG_WARN_UNREACHABLE_CODE = YES;
				CLANG_WARN__DUPLICATE_METHOD_MATCH = YES;
				COPY_PHASE_STRIP = NO;
				DEBUG_INFORMATION_FORMAT = dwarf;
				ENABLE_STRICT_OBJC_MSGSEND = YES;
				ENABLE_TESTABILITY = YES;
				GCC_C_LANGUAGE_STANDARD = gnu11;
				GCC_DYNAMIC_NO_PIC = NO;
				GCC_NO_COMMON_BLOCKS = YES;
				GCC_OPTIMIZATION_LEVEL = 0;
				GCC_PREPROCESSOR_DEFINITIONS = (
					"DEBUG=1",
					"$(inherited)",
				);
				GCC_WARN_64_TO_32_BIT_CONVERSION = YES;
				GCC_WARN_ABOUT_RETURN_TYPE = YES_ERROR;
				GCC_WARN_UNDECLARED_SELECTOR = YES;
				GCC_WARN_UNINITIALIZED_AUTOS = YES_AGGRESSIVE;
				GCC_WARN_UNUSED_FUNCTION = YES;
				GCC_WARN_UNUSED_VARIABLE = YES;
				IPHONEOS_DEPLOYMENT_TARGET = 13.6;
				MTL_ENABLE_DEBUG_INFO = INCLUDE_SOURCE;
				MTL_FAST_MATH = YES;
				ONLY_ACTIVE_ARCH = YES;
				SDKROOT = iphoneos;
				SWIFT_ACTIVE_COMPILATION_CONDITIONS = DEBUG;
				SWIFT_OPTIMIZATION_LEVEL = "-Onone";
			};
			name = Debug;
		};
		CA2FB2FE24FA042A00BB6ABB /* Release */ = {
			isa = XCBuildConfiguration;
			buildSettings = {
				ALWAYS_SEARCH_USER_PATHS = NO;
				CLANG_ANALYZER_NONNULL = YES;
				CLANG_ANALYZER_NUMBER_OBJECT_CONVERSION = YES_AGGRESSIVE;
				CLANG_CXX_LANGUAGE_STANDARD = "gnu++14";
				CLANG_CXX_LIBRARY = "libc++";
				CLANG_ENABLE_MODULES = YES;
				CLANG_ENABLE_OBJC_ARC = YES;
				CLANG_ENABLE_OBJC_WEAK = YES;
				CLANG_WARN_BLOCK_CAPTURE_AUTORELEASING = YES;
				CLANG_WARN_BOOL_CONVERSION = YES;
				CLANG_WARN_COMMA = YES;
				CLANG_WARN_CONSTANT_CONVERSION = YES;
				CLANG_WARN_DEPRECATED_OBJC_IMPLEMENTATIONS = YES;
				CLANG_WARN_DIRECT_OBJC_ISA_USAGE = YES_ERROR;
				CLANG_WARN_DOCUMENTATION_COMMENTS = YES;
				CLANG_WARN_EMPTY_BODY = YES;
				CLANG_WARN_ENUM_CONVERSION = YES;
				CLANG_WARN_INFINITE_RECURSION = YES;
				CLANG_WARN_INT_CONVERSION = YES;
				CLANG_WARN_NON_LITERAL_NULL_CONVERSION = YES;
				CLANG_WARN_OBJC_IMPLICIT_RETAIN_SELF = YES;
				CLANG_WARN_OBJC_LITERAL_CONVERSION = YES;
				CLANG_WARN_OBJC_ROOT_CLASS = YES_ERROR;
				CLANG_WARN_RANGE_LOOP_ANALYSIS = YES;
				CLANG_WARN_STRICT_PROTOTYPES = YES;
				CLANG_WARN_SUSPICIOUS_MOVE = YES;
				CLANG_WARN_UNGUARDED_AVAILABILITY = YES_AGGRESSIVE;
				CLANG_WARN_UNREACHABLE_CODE = YES;
				CLANG_WARN__DUPLICATE_METHOD_MATCH = YES;
				COPY_PHASE_STRIP = NO;
				DEBUG_INFORMATION_FORMAT = "dwarf-with-dsym";
				ENABLE_NS_ASSERTIONS = NO;
				ENABLE_STRICT_OBJC_MSGSEND = YES;
				GCC_C_LANGUAGE_STANDARD = gnu11;
				GCC_NO_COMMON_BLOCKS = YES;
				GCC_WARN_64_TO_32_BIT_CONVERSION = YES;
				GCC_WARN_ABOUT_RETURN_TYPE = YES_ERROR;
				GCC_WARN_UNDECLARED_SELECTOR = YES;
				GCC_WARN_UNINITIALIZED_AUTOS = YES_AGGRESSIVE;
				GCC_WARN_UNUSED_FUNCTION = YES;
				GCC_WARN_UNUSED_VARIABLE = YES;
				IPHONEOS_DEPLOYMENT_TARGET = 13.6;
				MTL_ENABLE_DEBUG_INFO = NO;
				MTL_FAST_MATH = YES;
				SDKROOT = iphoneos;
				SWIFT_COMPILATION_MODE = wholemodule;
				SWIFT_OPTIMIZATION_LEVEL = "-O";
				VALIDATE_PRODUCT = YES;
			};
			name = Release;
		};
		CA2FB30024FA042A00BB6ABB /* Debug */ = {
			isa = XCBuildConfiguration;
			buildSettings = {
				ASSETCATALOG_COMPILER_APPICON_NAME = AppIcon;
				CODE_SIGN_STYLE = Automatic;
				DEVELOPMENT_TEAM = Q22XAKJMSL;
				INFOPLIST_FILE = RecordProject/Info.plist;
				LD_RUNPATH_SEARCH_PATHS = (
					"$(inherited)",
					"@executable_path/Frameworks",
				);
				PRODUCT_BUNDLE_IDENTIFIER = FairyLand.RecordProject;
				PRODUCT_NAME = "$(TARGET_NAME)";
				SWIFT_VERSION = 5.0;
				TARGETED_DEVICE_FAMILY = "1,2";
			};
			name = Debug;
		};
		CA2FB30124FA042A00BB6ABB /* Release */ = {
			isa = XCBuildConfiguration;
			buildSettings = {
				ASSETCATALOG_COMPILER_APPICON_NAME = AppIcon;
				CODE_SIGN_STYLE = Automatic;
				DEVELOPMENT_TEAM = Q22XAKJMSL;
				INFOPLIST_FILE = RecordProject/Info.plist;
				LD_RUNPATH_SEARCH_PATHS = (
					"$(inherited)",
					"@executable_path/Frameworks",
				);
				PRODUCT_BUNDLE_IDENTIFIER = FairyLand.RecordProject;
				PRODUCT_NAME = "$(TARGET_NAME)";
				SWIFT_VERSION = 5.0;
				TARGETED_DEVICE_FAMILY = "1,2";
			};
			name = Release;
		};
/* End XCBuildConfiguration section */

/* Begin XCConfigurationList section */
		CA2FB2E624FA042800BB6ABB /* Build configuration list for PBXProject "RecordProject" */ = {
			isa = XCConfigurationList;
			buildConfigurations = (
				CA2FB2FD24FA042A00BB6ABB /* Debug */,
				CA2FB2FE24FA042A00BB6ABB /* Release */,
			);
			defaultConfigurationIsVisible = 0;
			defaultConfigurationName = Release;
		};
		CA2FB2FF24FA042A00BB6ABB /* Build configuration list for PBXNativeTarget "RecordProject" */ = {
			isa = XCConfigurationList;
			buildConfigurations = (
				CA2FB30024FA042A00BB6ABB /* Debug */,
				CA2FB30124FA042A00BB6ABB /* Release */,
			);
			defaultConfigurationIsVisible = 0;
			defaultConfigurationName = Release;
		};
/* End XCConfigurationList section */
	};
	rootObject = CA2FB2E324FA042800BB6ABB /* Project object */;
}
